// !$*UTF8*$!
{
	archiveVersion = 1;
	classes = {
	};
	objectVersion = 55;
	objects = {

/* Begin PBXBuildFile section */
		5212B9502925E8E50019845E /* StudentTableViewCell.swift in Sources */ = {isa = PBXBuildFile; fileRef = 5212B94F2925E8E50019845E /* StudentTableViewCell.swift */; };
		526D66D829263EF9002C3595 /* UdacityClientNetwork.swift in Sources */ = {isa = PBXBuildFile; fileRef = 526D66D729263EF9002C3595 /* UdacityClientNetwork.swift */; };
		526D66DA29263F97002C3595 /* RequestHelperFunction.swift in Sources */ = {isa = PBXBuildFile; fileRef = 526D66D929263F97002C3595 /* RequestHelperFunction.swift */; };
		526D66DD2926407C002C3595 /* StudentLocation.swift in Sources */ = {isa = PBXBuildFile; fileRef = 526D66DC2926407C002C3595 /* StudentLocation.swift */; };
		526D66DF292640E1002C3595 /* StudentInformation.swift in Sources */ = {isa = PBXBuildFile; fileRef = 526D66DE292640E1002C3595 /* StudentInformation.swift */; };
		526D66E12926411A002C3595 /* Location.swift in Sources */ = {isa = PBXBuildFile; fileRef = 526D66E02926411A002C3595 /* Location.swift */; };
		526D66E529264206002C3595 /* PostStudentLocation.swift in Sources */ = {isa = PBXBuildFile; fileRef = 526D66E429264206002C3595 /* PostStudentLocation.swift */; };
		526D66E729264228002C3595 /* UpdateStudentLocation.swift in Sources */ = {isa = PBXBuildFile; fileRef = 526D66E629264228002C3595 /* UpdateStudentLocation.swift */; };
		526D66E929264264002C3595 /* Session.swift in Sources */ = {isa = PBXBuildFile; fileRef = 526D66E829264264002C3595 /* Session.swift */; };
		526D66EB29264295002C3595 /* StudentLogin.swift in Sources */ = {isa = PBXBuildFile; fileRef = 526D66EA29264295002C3595 /* StudentLogin.swift */; };
		526D66ED2926432A002C3595 /* StudentUserProfile.swift in Sources */ = {isa = PBXBuildFile; fileRef = 526D66EC2926432A002C3595 /* StudentUserProfile.swift */; };
		526D66EF29264367002C3595 /* APIKeys.swift in Sources */ = {isa = PBXBuildFile; fileRef = 526D66EE29264367002C3595 /* APIKeys.swift */; };
		526D66F1292643C0002C3595 /* StudentsData.swift in Sources */ = {isa = PBXBuildFile; fileRef = 526D66F0292643C0002C3595 /* StudentsData.swift */; };
		52EBACA5292504B900B07A48 /* AppDelegate.swift in Sources */ = {isa = PBXBuildFile; fileRef = 52EBACA4292504B900B07A48 /* AppDelegate.swift */; };
		52EBACA7292504B900B07A48 /* SceneDelegate.swift in Sources */ = {isa = PBXBuildFile; fileRef = 52EBACA6292504B900B07A48 /* SceneDelegate.swift */; };
		52EBACA9292504B900B07A48 /* LoginViewController.swift in Sources */ = {isa = PBXBuildFile; fileRef = 52EBACA8292504B900B07A48 /* LoginViewController.swift */; };
		52EBACAC292504B900B07A48 /* Main.storyboard in Resources */ = {isa = PBXBuildFile; fileRef = 52EBACAA292504B900B07A48 /* Main.storyboard */; };
		52EBACAE292504BA00B07A48 /* Assets.xcassets in Resources */ = {isa = PBXBuildFile; fileRef = 52EBACAD292504BA00B07A48 /* Assets.xcassets */; };
		52EBACB1292504BA00B07A48 /* LaunchScreen.storyboard in Resources */ = {isa = PBXBuildFile; fileRef = 52EBACAF292504BA00B07A48 /* LaunchScreen.storyboard */; };
		52EBACBA292517D500B07A48 /* TableViewController.swift in Sources */ = {isa = PBXBuildFile; fileRef = 52EBACB9292517D500B07A48 /* TableViewController.swift */; };
		52EBACBC292518C600B07A48 /* MapViewController.swift in Sources */ = {isa = PBXBuildFile; fileRef = 52EBACBB292518C600B07A48 /* MapViewController.swift */; };
/* End PBXBuildFile section */

/* Begin PBXFileReference section */
		5212B94F2925E8E50019845E /* StudentTableViewCell.swift */ = {isa = PBXFileReference; lastKnownFileType = sourcecode.swift; path = StudentTableViewCell.swift; sourceTree = "<group>"; };
		526D66D729263EF9002C3595 /* UdacityClientNetwork.swift */ = {isa = PBXFileReference; lastKnownFileType = sourcecode.swift; path = UdacityClientNetwork.swift; sourceTree = "<group>"; };
		526D66D929263F97002C3595 /* RequestHelperFunction.swift */ = {isa = PBXFileReference; lastKnownFileType = sourcecode.swift; path = RequestHelperFunction.swift; sourceTree = "<group>"; };
		526D66DC2926407C002C3595 /* StudentLocation.swift */ = {isa = PBXFileReference; lastKnownFileType = sourcecode.swift; path = StudentLocation.swift; sourceTree = "<group>"; };
		526D66DE292640E1002C3595 /* StudentInformation.swift */ = {isa = PBXFileReference; lastKnownFileType = sourcecode.swift; path = StudentInformation.swift; sourceTree = "<group>"; };
		526D66E02926411A002C3595 /* Location.swift */ = {isa = PBXFileReference; lastKnownFileType = sourcecode.swift; path = Location.swift; sourceTree = "<group>"; };
		526D66E429264206002C3595 /* PostStudentLocation.swift */ = {isa = PBXFileReference; lastKnownFileType = sourcecode.swift; path = PostStudentLocation.swift; sourceTree = "<group>"; };
		526D66E629264228002C3595 /* UpdateStudentLocation.swift */ = {isa = PBXFileReference; lastKnownFileType = sourcecode.swift; path = UpdateStudentLocation.swift; sourceTree = "<group>"; };
		526D66E829264264002C3595 /* Session.swift */ = {isa = PBXFileReference; lastKnownFileType = sourcecode.swift; path = Session.swift; sourceTree = "<group>"; };
		526D66EA29264295002C3595 /* StudentLogin.swift */ = {isa = PBXFileReference; lastKnownFileType = sourcecode.swift; path = StudentLogin.swift; sourceTree = "<group>"; };
		526D66EC2926432A002C3595 /* StudentUserProfile.swift */ = {isa = PBXFileReference; lastKnownFileType = sourcecode.swift; path = StudentUserProfile.swift; sourceTree = "<group>"; };
		526D66EE29264367002C3595 /* APIKeys.swift */ = {isa = PBXFileReference; lastKnownFileType = sourcecode.swift; path = APIKeys.swift; sourceTree = "<group>"; };
		526D66F0292643C0002C3595 /* StudentsData.swift */ = {isa = PBXFileReference; lastKnownFileType = sourcecode.swift; path = StudentsData.swift; sourceTree = "<group>"; };
		52EBACA1292504B900B07A48 /* onTheMap.app */ = {isa = PBXFileReference; explicitFileType = wrapper.application; includeInIndex = 0; path = onTheMap.app; sourceTree = BUILT_PRODUCTS_DIR; };
		52EBACA4292504B900B07A48 /* AppDelegate.swift */ = {isa = PBXFileReference; lastKnownFileType = sourcecode.swift; path = AppDelegate.swift; sourceTree = "<group>"; };
		52EBACA6292504B900B07A48 /* SceneDelegate.swift */ = {isa = PBXFileReference; lastKnownFileType = sourcecode.swift; path = SceneDelegate.swift; sourceTree = "<group>"; };
		52EBACA8292504B900B07A48 /* LoginViewController.swift */ = {isa = PBXFileReference; lastKnownFileType = sourcecode.swift; path = LoginViewController.swift; sourceTree = "<group>"; };
		52EBACAB292504B900B07A48 /* Base */ = {isa = PBXFileReference; lastKnownFileType = file.storyboard; name = Base; path = Base.lproj/Main.storyboard; sourceTree = "<group>"; };
		52EBACAD292504BA00B07A48 /* Assets.xcassets */ = {isa = PBXFileReference; lastKnownFileType = folder.assetcatalog; path = Assets.xcassets; sourceTree = "<group>"; };
		52EBACB0292504BA00B07A48 /* Base */ = {isa = PBXFileReference; lastKnownFileType = file.storyboard; name = Base; path = Base.lproj/LaunchScreen.storyboard; sourceTree = "<group>"; };
		52EBACB2292504BA00B07A48 /* Info.plist */ = {isa = PBXFileReference; lastKnownFileType = text.plist.xml; path = Info.plist; sourceTree = "<group>"; };
		52EBACB9292517D500B07A48 /* TableViewController.swift */ = {isa = PBXFileReference; lastKnownFileType = sourcecode.swift; path = TableViewController.swift; sourceTree = "<group>"; };
		52EBACBB292518C600B07A48 /* MapViewController.swift */ = {isa = PBXFileReference; lastKnownFileType = sourcecode.swift; path = MapViewController.swift; sourceTree = "<group>"; };
/* End PBXFileReference section */

/* Begin PBXFrameworksBuildPhase section */
		52EBAC9E292504B900B07A48 /* Frameworks */ = {
			isa = PBXFrameworksBuildPhase;
			buildActionMask = 2147483647;
			files = (
			);
			runOnlyForDeploymentPostprocessing = 0;
		};
/* End PBXFrameworksBuildPhase section */

/* Begin PBXGroup section */
		526D66D629263EBA002C3595 /* Network */ = {
			isa = PBXGroup;
			children = (
				526D66D729263EF9002C3595 /* UdacityClientNetwork.swift */,
				526D66D929263F97002C3595 /* RequestHelperFunction.swift */,
			);
			path = Network;
			sourceTree = "<group>";
		};
		526D66DB2926404C002C3595 /* Models */ = {
			isa = PBXGroup;
			children = (
				526D66DC2926407C002C3595 /* StudentLocation.swift */,
				526D66DE292640E1002C3595 /* StudentInformation.swift */,
				526D66E02926411A002C3595 /* Location.swift */,
				526D66E429264206002C3595 /* PostStudentLocation.swift */,
				526D66E629264228002C3595 /* UpdateStudentLocation.swift */,
				526D66E829264264002C3595 /* Session.swift */,
				526D66EA29264295002C3595 /* StudentLogin.swift */,
				526D66EC2926432A002C3595 /* StudentUserProfile.swift */,
				526D66EE29264367002C3595 /* APIKeys.swift */,
				526D66F0292643C0002C3595 /* StudentsData.swift */,
			);
			path = Models;
			sourceTree = "<group>";
		};
		52EBAC98292504B900B07A48 = {
			isa = PBXGroup;
			children = (
				52EBACA3292504B900B07A48 /* onTheMap */,
				52EBACA2292504B900B07A48 /* Products */,
			);
			sourceTree = "<group>";
		};
		52EBACA2292504B900B07A48 /* Products */ = {
			isa = PBXGroup;
			children = (
				52EBACA1292504B900B07A48 /* onTheMap.app */,
			);
			name = Products;
			sourceTree = "<group>";
		};
		52EBACA3292504B900B07A48 /* onTheMap */ = {
			isa = PBXGroup;
			children = (
				526D66DB2926404C002C3595 /* Models */,
				526D66D629263EBA002C3595 /* Network */,
				52EBACA4292504B900B07A48 /* AppDelegate.swift */,
				52EBACA6292504B900B07A48 /* SceneDelegate.swift */,
				52EBACB82925129B00B07A48 /* Controller */,
				52EBACAA292504B900B07A48 /* Main.storyboard */,
				52EBACAD292504BA00B07A48 /* Assets.xcassets */,
				52EBACAF292504BA00B07A48 /* LaunchScreen.storyboard */,
				52EBACB2292504BA00B07A48 /* Info.plist */,
			);
			path = onTheMap;
			sourceTree = "<group>";
		};
		52EBACB82925129B00B07A48 /* Controller */ = {
			isa = PBXGroup;
			children = (
				52EBACA8292504B900B07A48 /* LoginViewController.swift */,
				52EBACB9292517D500B07A48 /* TableViewController.swift */,
				52EBACBB292518C600B07A48 /* MapViewController.swift */,
				5212B94F2925E8E50019845E /* StudentTableViewCell.swift */,
			);
			path = Controller;
			sourceTree = "<group>";
		};
/* End PBXGroup section */

/* Begin PBXNativeTarget section */
		52EBACA0292504B900B07A48 /* onTheMap */ = {
			isa = PBXNativeTarget;
			buildConfigurationList = 52EBACB5292504BA00B07A48 /* Build configuration list for PBXNativeTarget "onTheMap" */;
			buildPhases = (
				52EBAC9D292504B900B07A48 /* Sources */,
				52EBAC9E292504B900B07A48 /* Frameworks */,
				52EBAC9F292504B900B07A48 /* Resources */,
			);
			buildRules = (
			);
			dependencies = (
			);
			name = onTheMap;
			productName = onTheMap;
			productReference = 52EBACA1292504B900B07A48 /* onTheMap.app */;
			productType = "com.apple.product-type.application";
		};
/* End PBXNativeTarget section */

/* Begin PBXProject section */
		52EBAC99292504B900B07A48 /* Project object */ = {
			isa = PBXProject;
			attributes = {
				BuildIndependentTargetsInParallel = 1;
				LastSwiftUpdateCheck = 1300;
				LastUpgradeCheck = 1300;
				TargetAttributes = {
					52EBACA0292504B900B07A48 = {
						CreatedOnToolsVersion = 13.0;
					};
				};
			};
			buildConfigurationList = 52EBAC9C292504B900B07A48 /* Build configuration list for PBXProject "onTheMap" */;
			compatibilityVersion = "Xcode 13.0";
			developmentRegion = en;
			hasScannedForEncodings = 0;
			knownRegions = (
				en,
				Base,
			);
			mainGroup = 52EBAC98292504B900B07A48;
			productRefGroup = 52EBACA2292504B900B07A48 /* Products */;
			projectDirPath = "";
			projectRoot = "";
			targets = (
				52EBACA0292504B900B07A48 /* onTheMap */,
			);
		};
/* End PBXProject section */

/* Begin PBXResourcesBuildPhase section */
		52EBAC9F292504B900B07A48 /* Resources */ = {
			isa = PBXResourcesBuildPhase;
			buildActionMask = 2147483647;
			files = (
				52EBACB1292504BA00B07A48 /* LaunchScreen.storyboard in Resources */,
				52EBACAE292504BA00B07A48 /* Assets.xcassets in Resources */,
				52EBACAC292504B900B07A48 /* Main.storyboard in Resources */,
			);
			runOnlyForDeploymentPostprocessing = 0;
		};
/* End PBXResourcesBuildPhase section */

/* Begin PBXSourcesBuildPhase section */
		52EBAC9D292504B900B07A48 /* Sources */ = {
			isa = PBXSourcesBuildPhase;
			buildActionMask = 2147483647;
			files = (
				526D66E929264264002C3595 /* Session.swift in Sources */,
				526D66DD2926407C002C3595 /* StudentLocation.swift in Sources */,
				526D66E12926411A002C3595 /* Location.swift in Sources */,
				526D66E529264206002C3595 /* PostStudentLocation.swift in Sources */,
				52EBACA9292504B900B07A48 /* LoginViewController.swift in Sources */,
				526D66D829263EF9002C3595 /* UdacityClientNetwork.swift in Sources */,
				52EBACA5292504B900B07A48 /* AppDelegate.swift in Sources */,
				526D66EF29264367002C3595 /* APIKeys.swift in Sources */,
				526D66EB29264295002C3595 /* StudentLogin.swift in Sources */,
				52EBACA7292504B900B07A48 /* SceneDelegate.swift in Sources */,
				52EBACBC292518C600B07A48 /* MapViewController.swift in Sources */,
				526D66ED2926432A002C3595 /* StudentUserProfile.swift in Sources */,
				526D66DA29263F97002C3595 /* RequestHelperFunction.swift in Sources */,
				52EBACBA292517D500B07A48 /* TableViewController.swift in Sources */,
				526D66DF292640E1002C3595 /* StudentInformation.swift in Sources */,
				526D66E729264228002C3595 /* UpdateStudentLocation.swift in Sources */,
				5212B9502925E8E50019845E /* StudentTableViewCell.swift in Sources */,
				526D66F1292643C0002C3595 /* StudentsData.swift in Sources */,
			);
			runOnlyForDeploymentPostprocessing = 0;
		};
/* End PBXSourcesBuildPhase section */

/* Begin PBXVariantGroup section */
		52EBACAA292504B900B07A48 /* Main.storyboard */ = {
			isa = PBXVariantGroup;
			children = (
				52EBACAB292504B900B07A48 /* Base */,
			);
			name = Main.storyboard;
			sourceTree = "<group>";
		};
		52EBACAF292504BA00B07A48 /* LaunchScreen.storyboard */ = {
			isa = PBXVariantGroup;
			children = (
				52EBACB0292504BA00B07A48 /* Base */,
			);
			name = LaunchScreen.storyboard;
			sourceTree = "<group>";
		};
/* End PBXVariantGroup section */

/* Begin XCBuildConfiguration section */
		52EBACB3292504BA00B07A48 /* Debug */ = {
			isa = XCBuildConfiguration;
			buildSettings = {
				ALWAYS_SEARCH_USER_PATHS = NO;
				CLANG_ANALYZER_NONNULL = YES;
				CLANG_ANALYZER_NUMBER_OBJECT_CONVERSION = YES_AGGRESSIVE;
				CLANG_CXX_LANGUAGE_STANDARD = "gnu++17";
				CLANG_CXX_LIBRARY = "libc++";
				CLANG_ENABLE_MODULES = YES;
				CLANG_ENABLE_OBJC_ARC = YES;
				CLANG_ENABLE_OBJC_WEAK = YES;
				CLANG_WARN_BLOCK_CAPTURE_AUTORELEASING = YES;
				CLANG_WARN_BOOL_CONVERSION = YES;
				CLANG_WARN_COMMA = YES;
				CLANG_WARN_CONSTANT_CONVERSION = YES;
				CLANG_WARN_DEPRECATED_OBJC_IMPLEMENTATIONS = YES;
				CLANG_WARN_DIRECT_OBJC_ISA_USAGE = YES_ERROR;
				CLANG_WARN_DOCUMENTATION_COMMENTS = YES;
				CLANG_WARN_EMPTY_BODY = YES;
				CLANG_WARN_ENUM_CONVERSION = YES;
				CLANG_WARN_INFINITE_RECURSION = YES;
				CLANG_WARN_INT_CONVERSION = YES;
				CLANG_WARN_NON_LITERAL_NULL_CONVERSION = YES;
				CLANG_WARN_OBJC_IMPLICIT_RETAIN_SELF = YES;
				CLANG_WARN_OBJC_LITERAL_CONVERSION = YES;
				CLANG_WARN_OBJC_ROOT_CLASS = YES_ERROR;
				CLANG_WARN_QUOTED_INCLUDE_IN_FRAMEWORK_HEADER = YES;
				CLANG_WARN_RANGE_LOOP_ANALYSIS = YES;
				CLANG_WARN_STRICT_PROTOTYPES = YES;
				CLANG_WARN_SUSPICIOUS_MOVE = YES;
				CLANG_WARN_UNGUARDED_AVAILABILITY = YES_AGGRESSIVE;
				CLANG_WARN_UNREACHABLE_CODE = YES;
				CLANG_WARN__DUPLICATE_METHOD_MATCH = YES;
				COPY_PHASE_STRIP = NO;
				DEBUG_INFORMATION_FORMAT = dwarf;
				ENABLE_STRICT_OBJC_MSGSEND = YES;
				ENABLE_TESTABILITY = YES;
				GCC_C_LANGUAGE_STANDARD = gnu11;
				GCC_DYNAMIC_NO_PIC = NO;
				GCC_NO_COMMON_BLOCKS = YES;
				GCC_OPTIMIZATION_LEVEL = 0;
				GCC_PREPROCESSOR_DEFINITIONS = (
					"DEBUG=1",
					"$(inherited)",
				);
				GCC_WARN_64_TO_32_BIT_CONVERSION = YES;
				GCC_WARN_ABOUT_RETURN_TYPE = YES_ERROR;
				GCC_WARN_UNDECLARED_SELECTOR = YES;
				GCC_WARN_UNINITIALIZED_AUTOS = YES_AGGRESSIVE;
				GCC_WARN_UNUSED_FUNCTION = YES;
				GCC_WARN_UNUSED_VARIABLE = YES;
				IPHONEOS_DEPLOYMENT_TARGET = 15.0;
				MTL_ENABLE_DEBUG_INFO = INCLUDE_SOURCE;
				MTL_FAST_MATH = YES;
				ONLY_ACTIVE_ARCH = YES;
				SDKROOT = iphoneos;
				SWIFT_ACTIVE_COMPILATION_CONDITIONS = DEBUG;
				SWIFT_OPTIMIZATION_LEVEL = "-Onone";
			};
			name = Debug;
		};
		52EBACB4292504BA00B07A48 /* Release */ = {
			isa = XCBuildConfiguration;
			buildSettings = {
				ALWAYS_SEARCH_USER_PATHS = NO;
				CLANG_ANALYZER_NONNULL = YES;
				CLANG_ANALYZER_NUMBER_OBJECT_CONVERSION = YES_AGGRESSIVE;
				CLANG_CXX_LANGUAGE_STANDARD = "gnu++17";
				CLANG_CXX_LIBRARY = "libc++";
				CLANG_ENABLE_MODULES = YES;
				CLANG_ENABLE_OBJC_ARC = YES;
				CLANG_ENABLE_OBJC_WEAK = YES;
				CLANG_WARN_BLOCK_CAPTURE_AUTORELEASING = YES;
				CLANG_WARN_BOOL_CONVERSION = YES;
				CLANG_WARN_COMMA = YES;
				CLANG_WARN_CONSTANT_CONVERSION = YES;
				CLANG_WARN_DEPRECATED_OBJC_IMPLEMENTATIONS = YES;
				CLANG_WARN_DIRECT_OBJC_ISA_USAGE = YES_ERROR;
				CLANG_WARN_DOCUMENTATION_COMMENTS = YES;
				CLANG_WARN_EMPTY_BODY = YES;
				CLANG_WARN_ENUM_CONVERSION = YES;
				CLANG_WARN_INFINITE_RECURSION = YES;
				CLANG_WARN_INT_CONVERSION = YES;
				CLANG_WARN_NON_LITERAL_NULL_CONVERSION = YES;
				CLANG_WARN_OBJC_IMPLICIT_RETAIN_SELF = YES;
				CLANG_WARN_OBJC_LITERAL_CONVERSION = YES;
				CLANG_WARN_OBJC_ROOT_CLASS = YES_ERROR;
				CLANG_WARN_QUOTED_INCLUDE_IN_FRAMEWORK_HEADER = YES;
				CLANG_WARN_RANGE_LOOP_ANALYSIS = YES;
				CLANG_WARN_STRICT_PROTOTYPES = YES;
				CLANG_WARN_SUSPICIOUS_MOVE = YES;
				CLANG_WARN_UNGUARDED_AVAILABILITY = YES_AGGRESSIVE;
				CLANG_WARN_UNREACHABLE_CODE = YES;
				CLANG_WARN__DUPLICATE_METHOD_MATCH = YES;
				COPY_PHASE_STRIP = NO;
				DEBUG_INFORMATION_FORMAT = "dwarf-with-dsym";
				ENABLE_NS_ASSERTIONS = NO;
				ENABLE_STRICT_OBJC_MSGSEND = YES;
				GCC_C_LANGUAGE_STANDARD = gnu11;
				GCC_NO_COMMON_BLOCKS = YES;
				GCC_WARN_64_TO_32_BIT_CONVERSION = YES;
				GCC_WARN_ABOUT_RETURN_TYPE = YES_ERROR;
				GCC_WARN_UNDECLARED_SELECTOR = YES;
				GCC_WARN_UNINITIALIZED_AUTOS = YES_AGGRESSIVE;
				GCC_WARN_UNUSED_FUNCTION = YES;
				GCC_WARN_UNUSED_VARIABLE = YES;
				IPHONEOS_DEPLOYMENT_TARGET = 15.0;
				MTL_ENABLE_DEBUG_INFO = NO;
				MTL_FAST_MATH = YES;
				SDKROOT = iphoneos;
				SWIFT_COMPILATION_MODE = wholemodule;
				SWIFT_OPTIMIZATION_LEVEL = "-O";
				VALIDATE_PRODUCT = YES;
			};
			name = Release;
		};
		52EBACB6292504BA00B07A48 /* Debug */ = {
			isa = XCBuildConfiguration;
			buildSettings = {
				ASSETCATALOG_COMPILER_APPICON_NAME = AppIcon;
				ASSETCATALOG_COMPILER_GLOBAL_ACCENT_COLOR_NAME = AccentColor;
				CODE_SIGN_STYLE = Automatic;
				CURRENT_PROJECT_VERSION = 1;
				DEVELOPMENT_TEAM = NAVT84VLPJ;
				GENERATE_INFOPLIST_FILE = YES;
				INFOPLIST_FILE = onTheMap/Info.plist;
				INFOPLIST_KEY_UIApplicationSupportsIndirectInputEvents = YES;
				INFOPLIST_KEY_UILaunchStoryboardName = LaunchScreen;
				INFOPLIST_KEY_UIMainStoryboardFile = Main;
				INFOPLIST_KEY_UISupportedInterfaceOrientations = UIInterfaceOrientationPortrait;
				INFOPLIST_KEY_UISupportedInterfaceOrientations_iPad = "UIInterfaceOrientationPortrait UIInterfaceOrientationPortraitUpsideDown UIInterfaceOrientationLandscapeLeft UIInterfaceOrientationLandscapeRight";
				INFOPLIST_KEY_UISupportedInterfaceOrientations_iPhone = "UIInterfaceOrientationPortrait UIInterfaceOrientationLandscapeLeft UIInterfaceOrientationLandscapeRight";
				LD_RUNPATH_SEARCH_PATHS = (
					"$(inherited)",
					"@executable_path/Frameworks",
				);
				MARKETING_VERSION = 1.0;
				PRODUCT_BUNDLE_IDENTIFIER = Udacity.onTheMap;
				PRODUCT_NAME = "$(TARGET_NAME)";
				SWIFT_EMIT_LOC_STRINGS = YES;
				SWIFT_VERSION = 5.0;
				TARGETED_DEVICE_FAMILY = "1,2";
			};
			name = Debug;
		};
		52EBACB7292504BA00B07A48 /* Release */ = {
			isa = XCBuildConfiguration;
			buildSettings = {
				ASSETCATALOG_COMPILER_APPICON_NAME = AppIcon;
				ASSETCATALOG_COMPILER_GLOBAL_ACCENT_COLOR_NAME = AccentColor;
				CODE_SIGN_STYLE = Automatic;
				CURRENT_PROJECT_VERSION = 1;
				DEVELOPMENT_TEAM = NAVT84VLPJ;
				GENERATE_INFOPLIST_FILE = YES;
				INFOPLIST_FILE = onTheMap/Info.plist;
				INFOPLIST_KEY_UIApplicationSupportsIndirectInputEvents = YES;
				INFOPLIST_KEY_UILaunchStoryboardName = LaunchScreen;
				INFOPLIST_KEY_UIMainStoryboardFile = Main;
				INFOPLIST_KEY_UISupportedInterfaceOrientations = UIInterfaceOrientationPortrait;
				INFOPLIST_KEY_UISupportedInterfaceOrientations_iPad = "UIInterfaceOrientationPortrait UIInterfaceOrientationPortraitUpsideDown UIInterfaceOrientationLandscapeLeft UIInterfaceOrientationLandscapeRight";
				INFOPLIST_KEY_UISupportedInterfaceOrientations_iPhone = "UIInterfaceOrientationPortrait UIInterfaceOrientationLandscapeLeft UIInterfaceOrientationLandscapeRight";
				LD_RUNPATH_SEARCH_PATHS = (
					"$(inherited)",
					"@executable_path/Frameworks",
				);
				MARKETING_VERSION = 1.0;
				PRODUCT_BUNDLE_IDENTIFIER = Udacity.onTheMap;
				PRODUCT_NAME = "$(TARGET_NAME)";
				SWIFT_EMIT_LOC_STRINGS = YES;
				SWIFT_VERSION = 5.0;
				TARGETED_DEVICE_FAMILY = "1,2";
			};
			name = Release;
		};
/* End XCBuildConfiguration section */

/* Begin XCConfigurationList section */
		52EBAC9C292504B900B07A48 /* Build configuration list for PBXProject "onTheMap" */ = {
			isa = XCConfigurationList;
			buildConfigurations = (
				52EBACB3292504BA00B07A48 /* Debug */,
				52EBACB4292504BA00B07A48 /* Release */,
			);
			defaultConfigurationIsVisible = 0;
			defaultConfigurationName = Release;
		};
		52EBACB5292504BA00B07A48 /* Build configuration list for PBXNativeTarget "onTheMap" */ = {
			isa = XCConfigurationList;
			buildConfigurations = (
				52EBACB6292504BA00B07A48 /* Debug */,
				52EBACB7292504BA00B07A48 /* Release */,
			);
			defaultConfigurationIsVisible = 0;
			defaultConfigurationName = Release;
		};
/* End XCConfigurationList section */
	};
	rootObject = 52EBAC99292504B900B07A48 /* Project object */;
}
